{
  "name": "zowe-sample-client-templates",
  "version": "1.0.0",
  "lockfileVersion": 2,
  "requires": true,
  "packages": {
    "": {
      "version": "1.0.0",
      "license": "ISC",
      "workspaces": [
        "packages/*"
      ]
    },
    "node_modules/api": {
      "resolved": "packages/api",
      "link": true
    },
    "packages/api": {
      "version": "1.0.0",
      "license": "ISC"
    }
  },
  "dependencies": {
    "api": {
      "version": "file:packages/api"
    }
  }
}
